
Microsoft Visual Studio Solution File, Format Version 12.00
# Visual Studio Version 17
VisualStudioVersion = 17.0.31903.59
MinimumVisualStudioVersion = 10.0.40219.1
Project("{FAE04EC0-301F-11D3-BF4B-00C04F79EFBC}") = "OnlineCourseReviews.Web", "OnlineCourseReviews.Web\OnlineCourseReviews.Web.csproj", "{4B40A667-D4DF-411C-83F5-0ABBF3F5818D}"
EndProject
Project("{FAE04EC0-301F-11D3-BF4B-00C04F79EFBC}") = "OnlineCourseReviews.Reviews", "OnlineCourseReviews.Reviews\OnlineCourseReviews.Reviews.csproj", "{3D63486F-4F46-47E7-9A76-C92F8D918241}"
EndProject
Project("{FAE04EC0-301F-11D3-BF4B-00C04F79EFBC}") = "OnlineCourseReviews.Users", "OnlineCourseReviews.Users\OnlineCourseReviews.Users.csproj", "{3CA59CFB-7B66-4EF1-B145-15CF4148A785}"
EndProject
Project("{FAE04EC0-301F-11D3-BF4B-00C04F79EFBC}") = "OnlineCourseReviews.Courses", "OnlineCourseReviews.Courses\OnlineCourseReviews.Courses.csproj", "{6D062BB4-FF53-4AE2-AFA1-9CC0742D85DC}"
EndProject
Project("{FAE04EC0-301F-11D3-BF4B-00C04F79EFBC}") = "OnlineCourseReviews.Schools", "OnlineCourseReviews.Schools\OnlineCourseReviews.Schools.csproj", "{C791A979-8143-4479-99DA-CE4C3E5C90D0}"
EndProject
Project("{FAE04EC0-301F-11D3-BF4B-00C04F79EFBC}") = "OnlineCourseReviews.Reviews.Tests", "OnlineCourseReviews.Reviews.Tests\OnlineCourseReviews.Reviews.Tests.csproj", "{BF2AEF82-BD8D-4685-A8DD-4A1D298E5646}"
EndProject
Global
	GlobalSection(SolutionConfigurationPlatforms) = preSolution
		Debug|Any CPU = Debug|Any CPU
		Release|Any CPU = Release|Any CPU
	EndGlobalSection
	GlobalSection(SolutionProperties) = preSolution
		HideSolutionNode = FALSE
	EndGlobalSection
	GlobalSection(ProjectConfigurationPlatforms) = postSolution
		{4B40A667-D4DF-411C-83F5-0ABBF3F5818D}.Debug|Any CPU.ActiveCfg = Debug|Any CPU
		{4B40A667-D4DF-411C-83F5-0ABBF3F5818D}.Debug|Any CPU.Build.0 = Debug|Any CPU
		{4B40A667-D4DF-411C-83F5-0ABBF3F5818D}.Release|Any CPU.ActiveCfg = Release|Any CPU
		{4B40A667-D4DF-411C-83F5-0ABBF3F5818D}.Release|Any CPU.Build.0 = Release|Any CPU
		{3D63486F-4F46-47E7-9A76-C92F8D918241}.Debug|Any CPU.ActiveCfg = Debug|Any CPU
		{3D63486F-4F46-47E7-9A76-C92F8D918241}.Debug|Any CPU.Build.0 = Debug|Any CPU
		{3D63486F-4F46-47E7-9A76-C92F8D918241}.Release|Any CPU.ActiveCfg = Release|Any CPU
		{3D63486F-4F46-47E7-9A76-C92F8D918241}.Release|Any CPU.Build.0 = Release|Any CPU
		{3CA59CFB-7B66-4EF1-B145-15CF4148A785}.Debug|Any CPU.ActiveCfg = Debug|Any CPU
		{3CA59CFB-7B66-4EF1-B145-15CF4148A785}.Debug|Any CPU.Build.0 = Debug|Any CPU
		{3CA59CFB-7B66-4EF1-B145-15CF4148A785}.Release|Any CPU.ActiveCfg = Release|Any CPU
		{3CA59CFB-7B66-4EF1-B145-15CF4148A785}.Release|Any CPU.Build.0 = Release|Any CPU
		{6D062BB4-FF53-4AE2-AFA1-9CC0742D85DC}.Debug|Any CPU.ActiveCfg = Debug|Any CPU
		{6D062BB4-FF53-4AE2-AFA1-9CC0742D85DC}.Debug|Any CPU.Build.0 = Debug|Any CPU
		{6D062BB4-FF53-4AE2-AFA1-9CC0742D85DC}.Release|Any CPU.ActiveCfg = Release|Any CPU
		{6D062BB4-FF53-4AE2-AFA1-9CC0742D85DC}.Release|Any CPU.Build.0 = Release|Any CPU
		{C791A979-8143-4479-99DA-CE4C3E5C90D0}.Debug|Any CPU.ActiveCfg = Debug|Any CPU
		{C791A979-8143-4479-99DA-CE4C3E5C90D0}.Debug|Any CPU.Build.0 = Debug|Any CPU
		{C791A979-8143-4479-99DA-CE4C3E5C90D0}.Release|Any CPU.ActiveCfg = Release|Any CPU
		{C791A979-8143-4479-99DA-CE4C3E5C90D0}.Release|Any CPU.Build.0 = Release|Any CPU
		{BF2AEF82-BD8D-4685-A8DD-4A1D298E5646}.Debug|Any CPU.ActiveCfg = Debug|Any CPU
		{BF2AEF82-BD8D-4685-A8DD-4A1D298E5646}.Debug|Any CPU.Build.0 = Debug|Any CPU
		{BF2AEF82-BD8D-4685-A8DD-4A1D298E5646}.Release|Any CPU.ActiveCfg = Release|Any CPU
		{BF2AEF82-BD8D-4685-A8DD-4A1D298E5646}.Release|Any CPU.Build.0 = Release|Any CPU
	EndGlobalSection
EndGlobal
